// !$*UTF8*$!
{
	archiveVersion = 1;
	classes = {
	};
	objectVersion = 48;
	objects = {

/* Begin PBXBuildFile section */
		C10153A88DA7995EAFA16694 /* Pods_JSQChat.framework in Frameworks */ = {isa = PBXBuildFile; fileRef = 24B2F7AA76A1B6D6AFB6D43C /* Pods_JSQChat.framework */; };
		EC741A3520A0CF7300277A53 /* Constants.swift in Sources */ = {isa = PBXBuildFile; fileRef = EC741A3420A0CF7300277A53 /* Constants.swift */; };
		ECA94FA1209C18680084B73B /* AppDelegate.swift in Sources */ = {isa = PBXBuildFile; fileRef = ECA94FA0209C18680084B73B /* AppDelegate.swift */; };
		ECA94FA3209C18680084B73B /* ChatViewController.swift in Sources */ = {isa = PBXBuildFile; fileRef = ECA94FA2209C18680084B73B /* ChatViewController.swift */; };
		ECA94FA6209C18680084B73B /* Main.storyboard in Resources */ = {isa = PBXBuildFile; fileRef = ECA94FA4209C18680084B73B /* Main.storyboard */; };
		ECA94FA8209C18680084B73B /* Assets.xcassets in Resources */ = {isa = PBXBuildFile; fileRef = ECA94FA7209C18680084B73B /* Assets.xcassets */; };
		ECA94FAB209C18680084B73B /* LaunchScreen.storyboard in Resources */ = {isa = PBXBuildFile; fileRef = ECA94FA9209C18680084B73B /* LaunchScreen.storyboard */; };
/* End PBXBuildFile section */

/* Begin PBXFileReference section */
		24B2F7AA76A1B6D6AFB6D43C /* Pods_JSQChat.framework */ = {isa = PBXFileReference; explicitFileType = wrapper.framework; includeInIndex = 0; path = Pods_JSQChat.framework; sourceTree = BUILT_PRODUCTS_DIR; };
		7CF13F286B53296218B080EC /* Pods-JSQChat.debug.xcconfig */ = {isa = PBXFileReference; includeInIndex = 1; lastKnownFileType = text.xcconfig; name = "Pods-JSQChat.debug.xcconfig"; path = "Pods/Target Support Files/Pods-JSQChat/Pods-JSQChat.debug.xcconfig"; sourceTree = "<group>"; };
		D7AF6CD3DF02F5E26D987C66 /* Pods-JSQChat.release.xcconfig */ = {isa = PBXFileReference; includeInIndex = 1; lastKnownFileType = text.xcconfig; name = "Pods-JSQChat.release.xcconfig"; path = "Pods/Target Support Files/Pods-JSQChat/Pods-JSQChat.release.xcconfig"; sourceTree = "<group>"; };
		EC741A3220A0C7AD00277A53 /* Bridging-Header.h */ = {isa = PBXFileReference; lastKnownFileType = sourcecode.c.h; path = "Bridging-Header.h"; sourceTree = "<group>"; };
		EC741A3320A0CDC500277A53 /* GoogleService-Info.plist */ = {isa = PBXFileReference; lastKnownFileType = text.plist.xml; path = "GoogleService-Info.plist"; sourceTree = "<group>"; };
		EC741A3420A0CF7300277A53 /* Constants.swift */ = {isa = PBXFileReference; lastKnownFileType = sourcecode.swift; path = Constants.swift; sourceTree = "<group>"; };
		ECA94F9D209C18680084B73B /* JSQChat.app */ = {isa = PBXFileReference; explicitFileType = wrapper.application; includeInIndex = 0; path = JSQChat.app; sourceTree = BUILT_PRODUCTS_DIR; };
		ECA94FA0209C18680084B73B /* AppDelegate.swift */ = {isa = PBXFileReference; lastKnownFileType = sourcecode.swift; path = AppDelegate.swift; sourceTree = "<group>"; };
		ECA94FA2209C18680084B73B /* ChatViewController.swift */ = {isa = PBXFileReference; lastKnownFileType = sourcecode.swift; path = ChatViewController.swift; sourceTree = "<group>"; };
		ECA94FA5209C18680084B73B /* Base */ = {isa = PBXFileReference; lastKnownFileType = file.storyboard; name = Base; path = Base.lproj/Main.storyboard; sourceTree = "<group>"; };
		ECA94FA7209C18680084B73B /* Assets.xcassets */ = {isa = PBXFileReference; lastKnownFileType = folder.assetcatalog; path = Assets.xcassets; sourceTree = "<group>"; };
		ECA94FAA209C18680084B73B /* Base */ = {isa = PBXFileReference; lastKnownFileType = file.storyboard; name = Base; path = Base.lproj/LaunchScreen.storyboard; sourceTree = "<group>"; };
		ECA94FAC209C18680084B73B /* Info.plist */ = {isa = PBXFileReference; lastKnownFileType = text.plist.xml; path = Info.plist; sourceTree = "<group>"; };
/* End PBXFileReference section */

/* Begin PBXFrameworksBuildPhase section */
		ECA94F9A209C18680084B73B /* Frameworks */ = {
			isa = PBXFrameworksBuildPhase;
			buildActionMask = 2147483647;
			files = (
				C10153A88DA7995EAFA16694 /* Pods_JSQChat.framework in Frameworks */,
			);
			runOnlyForDeploymentPostprocessing = 0;
		};
/* End PBXFrameworksBuildPhase section */

/* Begin PBXGroup section */
		100A741B4E67FDF450E4F56B /* Pods */ = {
			isa = PBXGroup;
			children = (
				7CF13F286B53296218B080EC /* Pods-JSQChat.debug.xcconfig */,
				D7AF6CD3DF02F5E26D987C66 /* Pods-JSQChat.release.xcconfig */,
			);
			name = Pods;
			sourceTree = "<group>";
		};
		8CF01DD38288BCBF55F1DF73 /* Frameworks */ = {
			isa = PBXGroup;
			children = (
				24B2F7AA76A1B6D6AFB6D43C /* Pods_JSQChat.framework */,
			);
			name = Frameworks;
			sourceTree = "<group>";
		};
		ECA94F94209C18680084B73B = {
			isa = PBXGroup;
			children = (
				ECA94F9F209C18680084B73B /* JSQChat */,
				ECA94F9E209C18680084B73B /* Products */,
				100A741B4E67FDF450E4F56B /* Pods */,
				8CF01DD38288BCBF55F1DF73 /* Frameworks */,
			);
			sourceTree = "<group>";
		};
		ECA94F9E209C18680084B73B /* Products */ = {
			isa = PBXGroup;
			children = (
				ECA94F9D209C18680084B73B /* JSQChat.app */,
			);
			name = Products;
			sourceTree = "<group>";
		};
		ECA94F9F209C18680084B73B /* JSQChat */ = {
			isa = PBXGroup;
			children = (
				EC741A3320A0CDC500277A53 /* GoogleService-Info.plist */,
				EC741A3220A0C7AD00277A53 /* Bridging-Header.h */,
				EC741A3420A0CF7300277A53 /* Constants.swift */,
				ECA94FA0209C18680084B73B /* AppDelegate.swift */,
				ECA94FA2209C18680084B73B /* ChatViewController.swift */,
				ECA94FA4209C18680084B73B /* Main.storyboard */,
				ECA94FA7209C18680084B73B /* Assets.xcassets */,
				ECA94FA9209C18680084B73B /* LaunchScreen.storyboard */,
				ECA94FAC209C18680084B73B /* Info.plist */,
			);
			path = JSQChat;
			sourceTree = "<group>";
		};
/* End PBXGroup section */

/* Begin PBXNativeTarget section */
		ECA94F9C209C18680084B73B /* JSQChat */ = {
			isa = PBXNativeTarget;
			buildConfigurationList = ECA94FAF209C18680084B73B /* Build configuration list for PBXNativeTarget "JSQChat" */;
			buildPhases = (
				10D1DC8A264835129CA59269 /* [CP] Check Pods Manifest.lock */,
				ECA94F99209C18680084B73B /* Sources */,
				ECA94F9A209C18680084B73B /* Frameworks */,
				ECA94F9B209C18680084B73B /* Resources */,
				FFE5701D9B1E8C67B79392AF /* [CP] Embed Pods Frameworks */,
				8B01748A6CFF6E0E217F1F2A /* [CP] Copy Pods Resources */,
			);
			buildRules = (
			);
			dependencies = (
			);
			name = JSQChat;
			productName = JSQChat;
			productReference = ECA94F9D209C18680084B73B /* JSQChat.app */;
			productType = "com.apple.product-type.application";
		};
/* End PBXNativeTarget section */

/* Begin PBXProject section */
		ECA94F95209C18680084B73B /* Project object */ = {
			isa = PBXProject;
			attributes = {
				LastSwiftUpdateCheck = 0900;
				LastUpgradeCheck = 0900;
				ORGANIZATIONNAME = "App Solutions";
				TargetAttributes = {
					ECA94F9C209C18680084B73B = {
						CreatedOnToolsVersion = 9.0;
						ProvisioningStyle = Automatic;
					};
				};
			};
			buildConfigurationList = ECA94F98209C18680084B73B /* Build configuration list for PBXProject "JSQChat" */;
			compatibilityVersion = "Xcode 8.0";
			developmentRegion = en;
			hasScannedForEncodings = 0;
			knownRegions = (
				en,
				Base,
			);
			mainGroup = ECA94F94209C18680084B73B;
			productRefGroup = ECA94F9E209C18680084B73B /* Products */;
			projectDirPath = "";
			projectRoot = "";
			targets = (
				ECA94F9C209C18680084B73B /* JSQChat */,
			);
		};
/* End PBXProject section */

/* Begin PBXResourcesBuildPhase section */
		ECA94F9B209C18680084B73B /* Resources */ = {
			isa = PBXResourcesBuildPhase;
			buildActionMask = 2147483647;
			files = (
				ECA94FAB209C18680084B73B /* LaunchScreen.storyboard in Resources */,
				ECA94FA8209C18680084B73B /* Assets.xcassets in Resources */,
				ECA94FA6209C18680084B73B /* Main.storyboard in Resources */,
			);
			runOnlyForDeploymentPostprocessing = 0;
		};
/* End PBXResourcesBuildPhase section */

/* Begin PBXShellScriptBuildPhase section */
		10D1DC8A264835129CA59269 /* [CP] Check Pods Manifest.lock */ = {
			isa = PBXShellScriptBuildPhase;
			buildActionMask = 2147483647;
			files = (
			);
			inputPaths = (
				"${PODS_PODFILE_DIR_PATH}/Podfile.lock",
				"${PODS_ROOT}/Manifest.lock",
			);
			name = "[CP] Check Pods Manifest.lock";
			outputPaths = (
				"$(DERIVED_FILE_DIR)/Pods-JSQChat-checkManifestLockResult.txt",
			);
			runOnlyForDeploymentPostprocessing = 0;
			shellPath = /bin/sh;
			shellScript = "diff \"${PODS_PODFILE_DIR_PATH}/Podfile.lock\" \"${PODS_ROOT}/Manifest.lock\" > /dev/null\nif [ $? != 0 ] ; then\n    # print error to STDERR\n    echo \"error: The sandbox is not in sync with the Podfile.lock. Run 'pod install' or update your CocoaPods installation.\" >&2\n    exit 1\nfi\n# This output is used by Xcode 'outputs' to avoid re-running this script phase.\necho \"SUCCESS\" > \"${SCRIPT_OUTPUT_FILE_0}\"\n";
			showEnvVarsInLog = 0;
		};
		8B01748A6CFF6E0E217F1F2A /* [CP] Copy Pods Resources */ = {
			isa = PBXShellScriptBuildPhase;
			buildActionMask = 2147483647;
			files = (
			);
			inputPaths = (
			);
			name = "[CP] Copy Pods Resources";
			outputPaths = (
			);
			runOnlyForDeploymentPostprocessing = 0;
			shellPath = /bin/sh;
			shellScript = "\"${SRCROOT}/Pods/Target Support Files/Pods-JSQChat/Pods-JSQChat-resources.sh\"\n";
			showEnvVarsInLog = 0;
		};
		FFE5701D9B1E8C67B79392AF /* [CP] Embed Pods Frameworks */ = {
			isa = PBXShellScriptBuildPhase;
			buildActionMask = 2147483647;
			files = (
			);
			inputPaths = (
				"${SRCROOT}/Pods/Target Support Files/Pods-JSQChat/Pods-JSQChat-frameworks.sh",
				"${BUILT_PRODUCTS_DIR}/GTMSessionFetcher/GTMSessionFetcher.framework",
				"${BUILT_PRODUCTS_DIR}/GoogleToolboxForMac/GoogleToolboxForMac.framework",
				"${BUILT_PRODUCTS_DIR}/JSQMessagesViewController/JSQMessagesViewController.framework",
				"${BUILT_PRODUCTS_DIR}/JSQSystemSoundPlayer/JSQSystemSoundPlayer.framework",
				"${BUILT_PRODUCTS_DIR}/leveldb-library/leveldb.framework",
				"${BUILT_PRODUCTS_DIR}/nanopb/nanopb.framework",
			);
			name = "[CP] Embed Pods Frameworks";
			outputPaths = (
				"${TARGET_BUILD_DIR}/${FRAMEWORKS_FOLDER_PATH}/GTMSessionFetcher.framework",
				"${TARGET_BUILD_DIR}/${FRAMEWORKS_FOLDER_PATH}/GoogleToolboxForMac.framework",
				"${TARGET_BUILD_DIR}/${FRAMEWORKS_FOLDER_PATH}/JSQMessagesViewController.framework",
				"${TARGET_BUILD_DIR}/${FRAMEWORKS_FOLDER_PATH}/JSQSystemSoundPlayer.framework",
				"${TARGET_BUILD_DIR}/${FRAMEWORKS_FOLDER_PATH}/leveldb.framework",
				"${TARGET_BUILD_DIR}/${FRAMEWORKS_FOLDER_PATH}/nanopb.framework",
			);
			runOnlyForDeploymentPostprocessing = 0;
			shellPath = /bin/sh;
			shellScript = "\"${SRCROOT}/Pods/Target Support Files/Pods-JSQChat/Pods-JSQChat-frameworks.sh\"\n";
			showEnvVarsInLog = 0;
		};
/* End PBXShellScriptBuildPhase section */

/* Begin PBXSourcesBuildPhase section */
		ECA94F99209C18680084B73B /* Sources */ = {
			isa = PBXSourcesBuildPhase;
			buildActionMask = 2147483647;
			files = (
				ECA94FA3209C18680084B73B /* ChatViewController.swift in Sources */,
				ECA94FA1209C18680084B73B /* AppDelegate.swift in Sources */,
				EC741A3520A0CF7300277A53 /* Constants.swift in Sources */,
			);
			runOnlyForDeploymentPostprocessing = 0;
		};
/* End PBXSourcesBuildPhase section */

/* Begin PBXVariantGroup section */
		ECA94FA4209C18680084B73B /* Main.storyboard */ = {
			isa = PBXVariantGroup;
			children = (
				ECA94FA5209C18680084B73B /* Base */,
			);
			name = Main.storyboard;
			sourceTree = "<group>";
		};
		ECA94FA9209C18680084B73B /* LaunchScreen.storyboard */ = {
			isa = PBXVariantGroup;
			children = (
				ECA94FAA209C18680084B73B /* Base */,
			);
			name = LaunchScreen.storyboard;
			sourceTree = "<group>";
		};
/* End PBXVariantGroup section */

/* Begin XCBuildConfiguration section */
		ECA94FAD209C18680084B73B /* Debug */ = {
			isa = XCBuildConfiguration;
			buildSettings = {
				ALWAYS_SEARCH_USER_PATHS = NO;
				CLANG_ANALYZER_NONNULL = YES;
				CLANG_ANALYZER_NUMBER_OBJECT_CONVERSION = YES_AGGRESSIVE;
				CLANG_CXX_LANGUAGE_STANDARD = "gnu++14";
				CLANG_CXX_LIBRARY = "libc++";
				CLANG_ENABLE_MODULES = YES;
				CLANG_ENABLE_OBJC_ARC = YES;
				CLANG_WARN_BLOCK_CAPTURE_AUTORELEASING = YES;
				CLANG_WARN_BOOL_CONVERSION = YES;
				CLANG_WARN_COMMA = YES;
				CLANG_WARN_CONSTANT_CONVERSION = YES;
				CLANG_WARN_DIRECT_OBJC_ISA_USAGE = YES_ERROR;
				CLANG_WARN_DOCUMENTATION_COMMENTS = YES;
				CLANG_WARN_EMPTY_BODY = YES;
				CLANG_WARN_ENUM_CONVERSION = YES;
				CLANG_WARN_INFINITE_RECURSION = YES;
				CLANG_WARN_INT_CONVERSION = YES;
				CLANG_WARN_NON_LITERAL_NULL_CONVERSION = YES;
				CLANG_WARN_OBJC_LITERAL_CONVERSION = YES;
				CLANG_WARN_OBJC_ROOT_CLASS = YES_ERROR;
				CLANG_WARN_RANGE_LOOP_ANALYSIS = YES;
				CLANG_WARN_STRICT_PROTOTYPES = YES;
				CLANG_WARN_SUSPICIOUS_MOVE = YES;
				CLANG_WARN_UNGUARDED_AVAILABILITY = YES_AGGRESSIVE;
				CLANG_WARN_UNREACHABLE_CODE = YES;
				CLANG_WARN__DUPLICATE_METHOD_MATCH = YES;
				CODE_SIGN_IDENTITY = "iPhone Developer";
				COPY_PHASE_STRIP = NO;
				DEBUG_INFORMATION_FORMAT = dwarf;
				ENABLE_STRICT_OBJC_MSGSEND = YES;
				ENABLE_TESTABILITY = YES;
				GCC_C_LANGUAGE_STANDARD = gnu11;
				GCC_DYNAMIC_NO_PIC = NO;
				GCC_NO_COMMON_BLOCKS = YES;
				GCC_OPTIMIZATION_LEVEL = 0;
				GCC_PREPROCESSOR_DEFINITIONS = (
					"DEBUG=1",
					"$(inherited)",
				);
				GCC_WARN_64_TO_32_BIT_CONVERSION = YES;
				GCC_WARN_ABOUT_RETURN_TYPE = YES_ERROR;
				GCC_WARN_UNDECLARED_SELECTOR = YES;
				GCC_WARN_UNINITIALIZED_AUTOS = YES_AGGRESSIVE;
				GCC_WARN_UNUSED_FUNCTION = YES;
				GCC_WARN_UNUSED_VARIABLE = YES;
				IPHONEOS_DEPLOYMENT_TARGET = 11.0;
				MTL_ENABLE_DEBUG_INFO = YES;
				ONLY_ACTIVE_ARCH = YES;
				SDKROOT = iphoneos;
				SWIFT_ACTIVE_COMPILATION_CONDITIONS = DEBUG;
				SWIFT_OPTIMIZATION_LEVEL = "-Onone";
			};
			name = Debug;
		};
		ECA94FAE209C18680084B73B /* Release */ = {
			isa = XCBuildConfiguration;
			buildSettings = {
				ALWAYS_SEARCH_USER_PATHS = NO;
				CLANG_ANALYZER_NONNULL = YES;
				CLANG_ANALYZER_NUMBER_OBJECT_CONVERSION = YES_AGGRESSIVE;
				CLANG_CXX_LANGUAGE_STANDARD = "gnu++14";
				CLANG_CXX_LIBRARY = "libc++";
				CLANG_ENABLE_MODULES = YES;
				CLANG_ENABLE_OBJC_ARC = YES;
				CLANG_WARN_BLOCK_CAPTURE_AUTORELEASING = YES;
				CLANG_WARN_BOOL_CONVERSION = YES;
				CLANG_WARN_COMMA = YES;
				CLANG_WARN_CONSTANT_CONVERSION = YES;
				CLANG_WARN_DIRECT_OBJC_ISA_USAGE = YES_ERROR;
				CLANG_WARN_DOCUMENTATION_COMMENTS = YES;
				CLANG_WARN_EMPTY_BODY = YES;
				CLANG_WARN_ENUM_CONVERSION = YES;
				CLANG_WARN_INFINITE_RECURSION = YES;
				CLANG_WARN_INT_CONVERSION = YES;
				CLANG_WARN_NON_LITERAL_NULL_CONVERSION = YES;
				CLANG_WARN_OBJC_LITERAL_CONVERSION = YES;
				CLANG_WARN_OBJC_ROOT_CLASS = YES_ERROR;
				CLANG_WARN_RANGE_LOOP_ANALYSIS = YES;
				CLANG_WARN_STRICT_PROTOTYPES = YES;
				CLANG_WARN_SUSPICIOUS_MOVE = YES;
				CLANG_WARN_UNGUARDED_AVAILABILITY = YES_AGGRESSIVE;
				CLANG_WARN_UNREACHABLE_CODE = YES;
				CLANG_WARN__DUPLICATE_METHOD_MATCH = YES;
				CODE_SIGN_IDENTITY = "iPhone Developer";
				COPY_PHASE_STRIP = NO;
				DEBUG_INFORMATION_FORMAT = "dwarf-with-dsym";
				ENABLE_NS_ASSERTIONS = NO;
				ENABLE_STRICT_OBJC_MSGSEND = YES;
				GCC_C_LANGUAGE_STANDARD = gnu11;
				GCC_NO_COMMON_BLOCKS = YES;
				GCC_WARN_64_TO_32_BIT_CONVERSION = YES;
				GCC_WARN_ABOUT_RETURN_TYPE = YES_ERROR;
				GCC_WARN_UNDECLARED_SELECTOR = YES;
				GCC_WARN_UNINITIALIZED_AUTOS = YES_AGGRESSIVE;
				GCC_WARN_UNUSED_FUNCTION = YES;
				GCC_WARN_UNUSED_VARIABLE = YES;
				IPHONEOS_DEPLOYMENT_TARGET = 11.0;
				MTL_ENABLE_DEBUG_INFO = NO;
				SDKROOT = iphoneos;
				SWIFT_OPTIMIZATION_LEVEL = "-Owholemodule";
				VALIDATE_PRODUCT = YES;
			};
			name = Release;
		};
		ECA94FB0209C18680084B73B /* Debug */ = {
			isa = XCBuildConfiguration;
			baseConfigurationReference = 7CF13F286B53296218B080EC /* Pods-JSQChat.debug.xcconfig */;
			buildSettings = {
				ASSETCATALOG_COMPILER_APPICON_NAME = AppIcon;
				CODE_SIGN_STYLE = Automatic;
				INFOPLIST_FILE = JSQChat/Info.plist;
				LD_RUNPATH_SEARCH_PATHS = "$(inherited) @executable_path/Frameworks";
				PRODUCT_BUNDLE_IDENTIFIER = com.makeschool.JSQChat;
				PRODUCT_NAME = "$(TARGET_NAME)";
				SWIFT_OBJC_BRIDGING_HEADER = "Bridging-Header.h";
				SWIFT_VERSION = 4.0;
				TARGETED_DEVICE_FAMILY = "1,2";
			};
			name = Debug;
		};
		ECA94FB1209C18680084B73B /* Release */ = {
			isa = XCBuildConfiguration;
			baseConfigurationReference = D7AF6CD3DF02F5E26D987C66 /* Pods-JSQChat.release.xcconfig */;
			buildSettings = {
				ASSETCATALOG_COMPILER_APPICON_NAME = AppIcon;
				CODE_SIGN_STYLE = Automatic;
				INFOPLIST_FILE = JSQChat/Info.plist;
				LD_RUNPATH_SEARCH_PATHS = "$(inherited) @executable_path/Frameworks";
				PRODUCT_BUNDLE_IDENTIFIER = com.makeschool.JSQChat;
				PRODUCT_NAME = "$(TARGET_NAME)";
				SWIFT_OBJC_BRIDGING_HEADER = "Bridging-Header.h";
				SWIFT_VERSION = 4.0;
				TARGETED_DEVICE_FAMILY = "1,2";
			};
			name = Release;
		};
/* End XCBuildConfiguration section */

/* Begin XCConfigurationList section */
		ECA94F98209C18680084B73B /* Build configuration list for PBXProject "JSQChat" */ = {
			isa = XCConfigurationList;
			buildConfigurations = (
				ECA94FAD209C18680084B73B /* Debug */,
				ECA94FAE209C18680084B73B /* Release */,
			);
			defaultConfigurationIsVisible = 0;
			defaultConfigurationName = Release;
		};
		ECA94FAF209C18680084B73B /* Build configuration list for PBXNativeTarget "JSQChat" */ = {
			isa = XCConfigurationList;
			buildConfigurations = (
				ECA94FB0209C18680084B73B /* Debug */,
				ECA94FB1209C18680084B73B /* Release */,
			);
			defaultConfigurationIsVisible = 0;
			defaultConfigurationName = Release;
		};
/* End XCConfigurationList section */
	};
	rootObject = ECA94F95209C18680084B73B /* Project object */;
}
